// !$*UTF8*$!
{
	archiveVersion = 1;
	classes = {
	};
	objectVersion = 45;
	objects = {

/* Begin PBXBuildFile section */
		1DDD58160DA1D0A300B32029 /* MainMenu.xib in Resources */ = {isa = PBXBuildFile; fileRef = 1DDD58140DA1D0A300B32029 /* MainMenu.xib */; };
		256AC3DA0F4B6AC300CF3369 /* TextViewAppDelegate.m in Sources */ = {isa = PBXBuildFile; fileRef = 256AC3D90F4B6AC300CF3369 /* TextViewAppDelegate.m */; };
		8D11072B0486CEB800E47090 /* InfoPlist.strings in Resources */ = {isa = PBXBuildFile; fileRef = 089C165CFE840E0CC02AAC07 /* InfoPlist.strings */; };
		8D11072D0486CEB800E47090 /* main.m in Sources */ = {isa = PBXBuildFile; fileRef = 29B97316FDCFA39411CA2CEA /* main.m */; settings = {ATTRIBUTES = (); }; };
		8D11072F0486CEB800E47090 /* Cocoa.framework in Frameworks */ = {isa = PBXBuildFile; fileRef = 1058C7A1FEA54F0111CA2CBB /* Cocoa.framework */; };
		BA7D003014AB3FEB0015CC8B /* NSText+Extention.m in Sources */ = {isa = PBXBuildFile; fileRef = BA7D002F14AB3FEB0015CC8B /* NSText+Extention.m */; };
		BA7DFFDE14AAFB980015CC8B /* text_align_center.png in Resources */ = {isa = PBXBuildFile; fileRef = BA7DFFD714AAFB980015CC8B /* text_align_center.png */; };
		BA7DFFDF14AAFB980015CC8B /* text_align_justify.png in Resources */ = {isa = PBXBuildFile; fileRef = BA7DFFD814AAFB980015CC8B /* text_align_justify.png */; };
		BA7DFFE014AAFB980015CC8B /* text_align_left.png in Resources */ = {isa = PBXBuildFile; fileRef = BA7DFFD914AAFB980015CC8B /* text_align_left.png */; };
		BA7DFFE114AAFB980015CC8B /* text_align_right.png in Resources */ = {isa = PBXBuildFile; fileRef = BA7DFFDA14AAFB980015CC8B /* text_align_right.png */; };
		BA7DFFE214AAFB980015CC8B /* text_bold.png in Resources */ = {isa = PBXBuildFile; fileRef = BA7DFFDB14AAFB980015CC8B /* text_bold.png */; };
		BA7DFFE314AAFB980015CC8B /* text_italic.png in Resources */ = {isa = PBXBuildFile; fileRef = BA7DFFDC14AAFB980015CC8B /* text_italic.png */; };
		BA7DFFE414AAFB980015CC8B /* text_underline.png in Resources */ = {isa = PBXBuildFile; fileRef = BA7DFFDD14AAFB980015CC8B /* text_underline.png */; };
		BAE8D29614ACAAD300A442C4 /* BWToolkitFramework.framework in Frameworks */ = {isa = PBXBuildFile; fileRef = BAE8D29514ACAAD300A442C4 /* BWToolkitFramework.framework */; };
		BAE8D2CD14ACAB0600A442C4 /* BWToolkitFramework.framework in CopyFiles */ = {isa = PBXBuildFile; fileRef = BAE8D29514ACAAD300A442C4 /* BWToolkitFramework.framework */; };
		BAE8D37C14ADD56F00A442C4 /* MyTextView.m in Sources */ = {isa = PBXBuildFile; fileRef = BAE8D37B14ADD56F00A442C4 /* MyTextView.m */; };
		BAE8D3BC14ADDDEA00A442C4 /* TextViewAttributesPanel.xib in Resources */ = {isa = PBXBuildFile; fileRef = BAE8D3BB14ADDDEA00A442C4 /* TextViewAttributesPanel.xib */; };
		BAE8D3C414ADDF6400A442C4 /* TextViewAttributesPanelController.m in Sources */ = {isa = PBXBuildFile; fileRef = BAE8D3C314ADDF6400A442C4 /* TextViewAttributesPanelController.m */; };
/* End PBXBuildFile section */

/* Begin PBXCopyFilesBuildPhase section */
		BAE8D29C14ACAAF800A442C4 /* CopyFiles */ = {
			isa = PBXCopyFilesBuildPhase;
			buildActionMask = 2147483647;
			dstPath = "";
			dstSubfolderSpec = 10;
			files = (
				BAE8D2CD14ACAB0600A442C4 /* BWToolkitFramework.framework in CopyFiles */,
			);
			runOnlyForDeploymentPostprocessing = 0;
		};
/* End PBXCopyFilesBuildPhase section */

/* Begin PBXFileReference section */
		089C165DFE840E0CC02AAC07 /* English */ = {isa = PBXFileReference; fileEncoding = 4; lastKnownFileType = text.plist.strings; name = English; path = English.lproj/InfoPlist.strings; sourceTree = "<group>"; };
		1058C7A1FEA54F0111CA2CBB /* Cocoa.framework */ = {isa = PBXFileReference; lastKnownFileType = wrapper.framework; name = Cocoa.framework; path = /System/Library/Frameworks/Cocoa.framework; sourceTree = "<absolute>"; };
		13E42FB307B3F0F600E4EEF1 /* CoreData.framework */ = {isa = PBXFileReference; lastKnownFileType = wrapper.framework; name = CoreData.framework; path = /System/Library/Frameworks/CoreData.framework; sourceTree = "<absolute>"; };
		1DDD58150DA1D0A300B32029 /* English */ = {isa = PBXFileReference; lastKnownFileType = file.xib; name = English; path = English.lproj/MainMenu.xib; sourceTree = "<group>"; };
		256AC3D80F4B6AC300CF3369 /* TextViewAppDelegate.h */ = {isa = PBXFileReference; fileEncoding = 4; lastKnownFileType = sourcecode.c.h; path = TextViewAppDelegate.h; sourceTree = "<group>"; };
		256AC3D90F4B6AC300CF3369 /* TextViewAppDelegate.m */ = {isa = PBXFileReference; fileEncoding = 4; lastKnownFileType = sourcecode.c.objc; path = TextViewAppDelegate.m; sourceTree = "<group>"; };
		256AC3F00F4B6AF500CF3369 /* TextView_Prefix.pch */ = {isa = PBXFileReference; fileEncoding = 4; lastKnownFileType = sourcecode.c.h; path = TextView_Prefix.pch; sourceTree = "<group>"; };
		29B97316FDCFA39411CA2CEA /* main.m */ = {isa = PBXFileReference; fileEncoding = 4; lastKnownFileType = sourcecode.c.objc; path = main.m; sourceTree = "<group>"; };
		29B97324FDCFA39411CA2CEA /* AppKit.framework */ = {isa = PBXFileReference; lastKnownFileType = wrapper.framework; name = AppKit.framework; path = /System/Library/Frameworks/AppKit.framework; sourceTree = "<absolute>"; };
		29B97325FDCFA39411CA2CEA /* Foundation.framework */ = {isa = PBXFileReference; lastKnownFileType = wrapper.framework; name = Foundation.framework; path = /System/Library/Frameworks/Foundation.framework; sourceTree = "<absolute>"; };
		8D1107310486CEB800E47090 /* TextView-Info.plist */ = {isa = PBXFileReference; fileEncoding = 4; lastKnownFileType = text.plist.xml; path = "TextView-Info.plist"; sourceTree = "<group>"; };
		8D1107320486CEB800E47090 /* TextView.app */ = {isa = PBXFileReference; explicitFileType = wrapper.application; includeInIndex = 0; path = TextView.app; sourceTree = BUILT_PRODUCTS_DIR; };
		BA7D002E14AB3FEB0015CC8B /* NSText+Extention.h */ = {isa = PBXFileReference; fileEncoding = 4; lastKnownFileType = sourcecode.c.h; path = "NSText+Extention.h"; sourceTree = "<group>"; };
		BA7D002F14AB3FEB0015CC8B /* NSText+Extention.m */ = {isa = PBXFileReference; fileEncoding = 4; lastKnownFileType = sourcecode.c.objc; path = "NSText+Extention.m"; sourceTree = "<group>"; };
		BA7DFFD714AAFB980015CC8B /* text_align_center.png */ = {isa = PBXFileReference; lastKnownFileType = image.png; name = text_align_center.png; path = icons/text_align_center.png; sourceTree = "<group>"; };
		BA7DFFD814AAFB980015CC8B /* text_align_justify.png */ = {isa = PBXFileReference; lastKnownFileType = image.png; name = text_align_justify.png; path = icons/text_align_justify.png; sourceTree = "<group>"; };
		BA7DFFD914AAFB980015CC8B /* text_align_left.png */ = {isa = PBXFileReference; lastKnownFileType = image.png; name = text_align_left.png; path = icons/text_align_left.png; sourceTree = "<group>"; };
		BA7DFFDA14AAFB980015CC8B /* text_align_right.png */ = {isa = PBXFileReference; lastKnownFileType = image.png; name = text_align_right.png; path = icons/text_align_right.png; sourceTree = "<group>"; };
		BA7DFFDB14AAFB980015CC8B /* text_bold.png */ = {isa = PBXFileReference; lastKnownFileType = image.png; name = text_bold.png; path = icons/text_bold.png; sourceTree = "<group>"; };
		BA7DFFDC14AAFB980015CC8B /* text_italic.png */ = {isa = PBXFileReference; lastKnownFileType = image.png; name = text_italic.png; path = icons/text_italic.png; sourceTree = "<group>"; };
		BA7DFFDD14AAFB980015CC8B /* text_underline.png */ = {isa = PBXFileReference; lastKnownFileType = image.png; name = text_underline.png; path = icons/text_underline.png; sourceTree = "<group>"; };
		BAE8D29514ACAAD300A442C4 /* BWToolkitFramework.framework */ = {isa = PBXFileReference; lastKnownFileType = wrapper.framework; name = BWToolkitFramework.framework; path = /Users/huangliang/code/cocoa/BWToolkit/BWToolkitFramework.framework; sourceTree = "<absolute>"; };
		BAE8D37A14ADD56F00A442C4 /* MyTextView.h */ = {isa = PBXFileReference; fileEncoding = 4; lastKnownFileType = sourcecode.c.h; path = MyTextView.h; sourceTree = "<group>"; };
		BAE8D37B14ADD56F00A442C4 /* MyTextView.m */ = {isa = PBXFileReference; fileEncoding = 4; lastKnownFileType = sourcecode.c.objc; path = MyTextView.m; sourceTree = "<group>"; };
		BAE8D3BB14ADDDEA00A442C4 /* TextViewAttributesPanel.xib */ = {isa = PBXFileReference; lastKnownFileType = file.xib; path = TextViewAttributesPanel.xib; sourceTree = "<group>"; };
		BAE8D3C214ADDF6400A442C4 /* TextViewAttributesPanelController.h */ = {isa = PBXFileReference; fileEncoding = 4; lastKnownFileType = sourcecode.c.h; path = TextViewAttributesPanelController.h; sourceTree = "<group>"; };
		BAE8D3C314ADDF6400A442C4 /* TextViewAttributesPanelController.m */ = {isa = PBXFileReference; fileEncoding = 4; lastKnownFileType = sourcecode.c.objc; path = TextViewAttributesPanelController.m; sourceTree = "<group>"; };
/* End PBXFileReference section */

/* Begin PBXFrameworksBuildPhase section */
		8D11072E0486CEB800E47090 /* Frameworks */ = {
			isa = PBXFrameworksBuildPhase;
			buildActionMask = 2147483647;
			files = (
				8D11072F0486CEB800E47090 /* Cocoa.framework in Frameworks */,
				BAE8D29614ACAAD300A442C4 /* BWToolkitFramework.framework in Frameworks */,
			);
			runOnlyForDeploymentPostprocessing = 0;
		};
/* End PBXFrameworksBuildPhase section */

/* Begin PBXGroup section */
		080E96DDFE201D6D7F000001 /* Classes */ = {
			isa = PBXGroup;
			children = (
				256AC3D80F4B6AC300CF3369 /* TextViewAppDelegate.h */,
				256AC3D90F4B6AC300CF3369 /* TextViewAppDelegate.m */,
				BA7D002E14AB3FEB0015CC8B /* NSText+Extention.h */,
				BA7D002F14AB3FEB0015CC8B /* NSText+Extention.m */,
				BAE8D37A14ADD56F00A442C4 /* MyTextView.h */,
				BAE8D37B14ADD56F00A442C4 /* MyTextView.m */,
				BAE8D3C214ADDF6400A442C4 /* TextViewAttributesPanelController.h */,
				BAE8D3C314ADDF6400A442C4 /* TextViewAttributesPanelController.m */,
			);
			name = Classes;
			sourceTree = "<group>";
		};
		1058C7A0FEA54F0111CA2CBB /* Linked Frameworks */ = {
			isa = PBXGroup;
			children = (
				1058C7A1FEA54F0111CA2CBB /* Cocoa.framework */,
				BAE8D29514ACAAD300A442C4 /* BWToolkitFramework.framework */,
			);
			name = "Linked Frameworks";
			sourceTree = "<group>";
		};
		1058C7A2FEA54F0111CA2CBB /* Other Frameworks */ = {
			isa = PBXGroup;
			children = (
				29B97324FDCFA39411CA2CEA /* AppKit.framework */,
				13E42FB307B3F0F600E4EEF1 /* CoreData.framework */,
				29B97325FDCFA39411CA2CEA /* Foundation.framework */,
			);
			name = "Other Frameworks";
			sourceTree = "<group>";
		};
		19C28FACFE9D520D11CA2CBB /* Products */ = {
			isa = PBXGroup;
			children = (
				8D1107320486CEB800E47090 /* TextView.app */,
			);
			name = Products;
			sourceTree = "<group>";
		};
		29B97314FDCFA39411CA2CEA /* TextView */ = {
			isa = PBXGroup;
			children = (
				080E96DDFE201D6D7F000001 /* Classes */,
				29B97315FDCFA39411CA2CEA /* Other Sources */,
				29B97317FDCFA39411CA2CEA /* Resources */,
				29B97323FDCFA39411CA2CEA /* Frameworks */,
				19C28FACFE9D520D11CA2CBB /* Products */,
			);
			name = TextView;
			sourceTree = "<group>";
		};
		29B97315FDCFA39411CA2CEA /* Other Sources */ = {
			isa = PBXGroup;
			children = (
				256AC3F00F4B6AF500CF3369 /* TextView_Prefix.pch */,
				29B97316FDCFA39411CA2CEA /* main.m */,
			);
			name = "Other Sources";
			sourceTree = "<group>";
		};
		29B97317FDCFA39411CA2CEA /* Resources */ = {
			isa = PBXGroup;
			children = (
				BA7DFFD614AAFB870015CC8B /* icons */,
				8D1107310486CEB800E47090 /* TextView-Info.plist */,
				089C165CFE840E0CC02AAC07 /* InfoPlist.strings */,
				1DDD58140DA1D0A300B32029 /* MainMenu.xib */,
				BAE8D3BB14ADDDEA00A442C4 /* TextViewAttributesPanel.xib */,
			);
			name = Resources;
			sourceTree = "<group>";
		};
		29B97323FDCFA39411CA2CEA /* Frameworks */ = {
			isa = PBXGroup;
			children = (
				1058C7A0FEA54F0111CA2CBB /* Linked Frameworks */,
				1058C7A2FEA54F0111CA2CBB /* Other Frameworks */,
			);
			name = Frameworks;
			sourceTree = "<group>";
		};
		BA7DFFD614AAFB870015CC8B /* icons */ = {
			isa = PBXGroup;
			children = (
				BA7DFFD714AAFB980015CC8B /* text_align_center.png */,
				BA7DFFD814AAFB980015CC8B /* text_align_justify.png */,
				BA7DFFD914AAFB980015CC8B /* text_align_left.png */,
				BA7DFFDA14AAFB980015CC8B /* text_align_right.png */,
				BA7DFFDB14AAFB980015CC8B /* text_bold.png */,
				BA7DFFDC14AAFB980015CC8B /* text_italic.png */,
				BA7DFFDD14AAFB980015CC8B /* text_underline.png */,
			);
			name = icons;
			sourceTree = "<group>";
		};
/* End PBXGroup section */

/* Begin PBXNativeTarget section */
		8D1107260486CEB800E47090 /* TextView */ = {
			isa = PBXNativeTarget;
			buildConfigurationList = C01FCF4A08A954540054247B /* Build configuration list for PBXNativeTarget "TextView" */;
			buildPhases = (
				8D1107290486CEB800E47090 /* Resources */,
				8D11072C0486CEB800E47090 /* Sources */,
				8D11072E0486CEB800E47090 /* Frameworks */,
				BAE8D29C14ACAAF800A442C4 /* CopyFiles */,
			);
			buildRules = (
			);
			dependencies = (
			);
			name = TextView;
			productInstallPath = "$(HOME)/Applications";
			productName = TextView;
			productReference = 8D1107320486CEB800E47090 /* TextView.app */;
			productType = "com.apple.product-type.application";
		};
/* End PBXNativeTarget section */

/* Begin PBXProject section */
		29B97313FDCFA39411CA2CEA /* Project object */ = {
			isa = PBXProject;
			buildConfigurationList = C01FCF4E08A954540054247B /* Build configuration list for PBXProject "TextView" */;
			compatibilityVersion = "Xcode 3.1";
			developmentRegion = English;
			hasScannedForEncodings = 1;
			knownRegions = (
				English,
				Japanese,
				French,
				German,
			);
			mainGroup = 29B97314FDCFA39411CA2CEA /* TextView */;
			projectDirPath = "";
			projectRoot = "";
			targets = (
				8D1107260486CEB800E47090 /* TextView */,
			);
		};
/* End PBXProject section */

/* Begin PBXResourcesBuildPhase section */
		8D1107290486CEB800E47090 /* Resources */ = {
			isa = PBXResourcesBuildPhase;
			buildActionMask = 2147483647;
			files = (
				8D11072B0486CEB800E47090 /* InfoPlist.strings in Resources */,
				1DDD58160DA1D0A300B32029 /* MainMenu.xib in Resources */,
				BA7DFFDE14AAFB980015CC8B /* text_align_center.png in Resources */,
				BA7DFFDF14AAFB980015CC8B /* text_align_justify.png in Resources */,
				BA7DFFE014AAFB980015CC8B /* text_align_left.png in Resources */,
				BA7DFFE114AAFB980015CC8B /* text_align_right.png in Resources */,
				BA7DFFE214AAFB980015CC8B /* text_bold.png in Resources */,
				BA7DFFE314AAFB980015CC8B /* text_italic.png in Resources */,
				BA7DFFE414AAFB980015CC8B /* text_underline.png in Resources */,
				BAE8D3BC14ADDDEA00A442C4 /* TextViewAttributesPanel.xib in Resources */,
			);
			runOnlyForDeploymentPostprocessing = 0;
		};
/* End PBXResourcesBuildPhase section */

/* Begin PBXSourcesBuildPhase section */
		8D11072C0486CEB800E47090 /* Sources */ = {
			isa = PBXSourcesBuildPhase;
			buildActionMask = 2147483647;
			files = (
				8D11072D0486CEB800E47090 /* main.m in Sources */,
				256AC3DA0F4B6AC300CF3369 /* TextViewAppDelegate.m in Sources */,
				BA7D003014AB3FEB0015CC8B /* NSText+Extention.m in Sources */,
				BAE8D37C14ADD56F00A442C4 /* MyTextView.m in Sources */,
				BAE8D3C414ADDF6400A442C4 /* TextViewAttributesPanelController.m in Sources */,
			);
			runOnlyForDeploymentPostprocessing = 0;
		};
/* End PBXSourcesBuildPhase section */

/* Begin PBXVariantGroup section */
		089C165CFE840E0CC02AAC07 /* InfoPlist.strings */ = {
			isa = PBXVariantGroup;
			children = (
				089C165DFE840E0CC02AAC07 /* English */,
			);
			name = InfoPlist.strings;
			sourceTree = "<group>";
		};
		1DDD58140DA1D0A300B32029 /* MainMenu.xib */ = {
			isa = PBXVariantGroup;
			children = (
				1DDD58150DA1D0A300B32029 /* English */,
			);
			name = MainMenu.xib;
			sourceTree = "<group>";
		};
/* End PBXVariantGroup section */

/* Begin XCBuildConfiguration section */
		C01FCF4B08A954540054247B /* Debug */ = {
			isa = XCBuildConfiguration;
			buildSettings = {
				ALWAYS_SEARCH_USER_PATHS = NO;
				COPY_PHASE_STRIP = NO;
				FRAMEWORK_SEARCH_PATHS = (
					"$(inherited)",
					"\"$(SRCROOT)/../../BWToolkit\"",
				);
				GCC_DYNAMIC_NO_PIC = NO;
				GCC_ENABLE_FIX_AND_CONTINUE = YES;
				GCC_MODEL_TUNING = G5;
				GCC_OPTIMIZATION_LEVEL = 0;
				GCC_PRECOMPILE_PREFIX_HEADER = YES;
				GCC_PREFIX_HEADER = TextView_Prefix.pch;
				INFOPLIST_FILE = "TextView-Info.plist";
				INSTALL_PATH = "$(HOME)/Applications";
				PRODUCT_NAME = TextView;
			};
			name = Debug;
		};
		C01FCF4C08A954540054247B /* Release */ = {
			isa = XCBuildConfiguration;
			buildSettings = {
				ALWAYS_SEARCH_USER_PATHS = NO;
				DEBUG_INFORMATION_FORMAT = "dwarf-with-dsym";
				FRAMEWORK_SEARCH_PATHS = (
					"$(inherited)",
					"\"$(SRCROOT)/../../BWToolkit\"",
				);
				GCC_MODEL_TUNING = G5;
				GCC_PRECOMPILE_PREFIX_HEADER = YES;
				GCC_PREFIX_HEADER = TextView_Prefix.pch;
				INFOPLIST_FILE = "TextView-Info.plist";
				INSTALL_PATH = "$(HOME)/Applications";
				PRODUCT_NAME = TextView;
			};
			name = Release;
		};
		C01FCF4F08A954540054247B /* Debug */ = {
			isa = XCBuildConfiguration;
			buildSettings = {
				ARCHS = "$(ARCHS_STANDARD_32_64_BIT)";
				GCC_C_LANGUAGE_STANDARD = gnu99;
				GCC_OPTIMIZATION_LEVEL = 0;
				GCC_WARN_ABOUT_RETURN_TYPE = YES;
				GCC_WARN_UNUSED_VARIABLE = YES;
				ONLY_ACTIVE_ARCH = YES;
				PREBINDING = NO;
				SDKROOT = macosx10.6;
			};
			name = Debug;
		};
		C01FCF5008A954540054247B /* Release */ = {
			isa = XCBuildConfiguration;
			buildSettings = {
				ARCHS = "$(ARCHS_STANDARD_32_64_BIT)";
				GCC_C_LANGUAGE_STANDARD = gnu99;
				GCC_WARN_ABOUT_RETURN_TYPE = YES;
				GCC_WARN_UNUSED_VARIABLE = YES;
				PREBINDING = NO;
				SDKROOT = macosx10.6;
			};
			name = Release;
		};
/* End XCBuildConfiguration section */

/* Begin XCConfigurationList section */
		C01FCF4A08A954540054247B /* Build configuration list for PBXNativeTarget "TextView" */ = {
			isa = XCConfigurationList;
			buildConfigurations = (
				C01FCF4B08A954540054247B /* Debug */,
				C01FCF4C08A954540054247B /* Release */,
			);
			defaultConfigurationIsVisible = 0;
			defaultConfigurationName = Release;
		};
		C01FCF4E08A954540054247B /* Build configuration list for PBXProject "TextView" */ = {
			isa = XCConfigurationList;
			buildConfigurations = (
				C01FCF4F08A954540054247B /* Debug */,
				C01FCF5008A954540054247B /* Release */,
			);
			defaultConfigurationIsVisible = 0;
			defaultConfigurationName = Release;
		};
/* End XCConfigurationList section */
	};
	rootObject = 29B97313FDCFA39411CA2CEA /* Project object */;
}
